<?xml version="1.0" encoding="utf-8"?>
<Project ToolsVersion="4.0" xmlns="http://schemas.microsoft.com/developer/msbuild/2003">
  <ItemGroup>
    <Filter Include="Source Files">
      <UniqueIdentifier>{4FC737F1-C7A5-4376-A066-2A32D752A2FF}</UniqueIdentifier>
      <Extensions>cpp;c;cc;cxx;c++;cppm;ixx;def;odl;idl;hpj;bat;asm;asmx</Extensions>
    </Filter>
    <Filter Include="Header Files">
      <UniqueIdentifier>{93995380-89BD-4b04-88EB-625FBE52EBFB}</UniqueIdentifier>
      <Extensions>h;hh;hpp;hxx;h++;hm;inl;inc;ipp;xsd</Extensions>
    </Filter>
    <Filter Include="Resource Files">
      <UniqueIdentifier>{67DA6AB6-F800-4c08-8B7A-83BB121AAD01}</UniqueIdentifier>
      <Extensions>rc;ico;cur;bmp;dlg;rc2;rct;bin;rgs;gif;jpg;jpeg;jpe;resx;tiff;tif;png;wav;mfcribbon-ms</Extensions>
    </Filter>
  </ItemGroup>
  <ItemGroup>
    <Text Include="res\maps\back_up_map.txt" />
    <Text Include="res\maps\standardized_map_save.txt" />
    <Text Include="res\maps\test_map_1.txt" />
    <Text Include="res\maps\test_map_2.txt" />
    <Text Include="res\maps\counting_sheep.txt" />
  </ItemGroup>
  <ItemGroup>
    <ClCompile Include="src\maps\BoardMap.cpp">
      <Filter>Source Files</Filter>
    </ClCompile>
    <ClCompile Include="src\game_objects\CharacterController.cpp">
      <Filter>Source Files</Filter>
    </ClCompile>
    <ClCompile Include="src\Game.cpp">
      <Filter>Source Files</Filter>
    </ClCompile>
    <ClCompile Include="src\game_objects\Player.cpp">
      <Filter>Source Files</Filter>
    </ClCompile>
    <ClCompile Include="src\maps\PongMap.cpp">
      <Filter>Source Files</Filter>
    </ClCompile>
    <ClCompile Include="src\commands\MoveDownCommand.cpp">
      <Filter>Source Files</Filter>
    </ClCompile>
    <ClCompile Include="src\commands\MoveUpCommand.cpp">
      <Filter>Source Files</Filter>
    </ClCompile>
    <ClCompile Include="src\commands\SelectCardCommand.cpp">
      <Filter>Source Files</Filter>
    </ClCompile>
    <ClCompile Include="src\commands\SelectCardLeftCommand.cpp">
      <Filter>Source Files</Filter>
    </ClCompile>
    <ClCompile Include="src\commands\SelectCardRightCommand.cpp">
      <Filter>Source Files</Filter>
    </ClCompile>
    <ClCompile Include="src\main.cpp">
      <Filter>Source Files</Filter>
    </ClCompile>
    <ClCompile Include="src\commands\MoveCameraCommand.cpp">
      <Filter>Source Files</Filter>
    </ClCompile>
    <ClCompile Include="src\commands\MoveEntityCommand.cpp">
      <Filter>Source Files</Filter>
    </ClCompile>
    <ClCompile Include="src\commands\SaveCommand.cpp">
      <Filter>Source Files</Filter>
    </ClCompile>
    <ClCompile Include="src\commands\AddRemoveEntityCommand.cpp">
      <Filter>Source Files</Filter>
    </ClCompile>
    <ClCompile Include="src\commands\SelectEntityCommand.cpp">
      <Filter>Source Files</Filter>
    </ClCompile>
    <ClCompile Include="src\commands\ToggleMenuCommand.cpp">
      <Filter>Source Files</Filter>
    </ClCompile>
    <ClCompile Include="src\commands\CloseWindowCommand.cpp">
      <Filter>Source Files</Filter>
    </ClCompile>
    <ClCompile Include="src\imgui\imgui.cpp">
      <Filter>Source Files</Filter>
    </ClCompile>
    <ClCompile Include="src\imgui\imgui_demo.cpp">
      <Filter>Source Files</Filter>
    </ClCompile>
    <ClCompile Include="src\imgui\imgui_draw.cpp">
      <Filter>Source Files</Filter>
    </ClCompile>
    <ClCompile Include="src\imgui\imgui_impl_glfw.cpp">
      <Filter>Source Files</Filter>
    </ClCompile>
    <ClCompile Include="src\imgui\imgui_impl_opengl3.cpp">
      <Filter>Source Files</Filter>
    </ClCompile>
    <ClCompile Include="src\imgui\imgui_tables.cpp">
      <Filter>Source Files</Filter>
    </ClCompile>
    <ClCompile Include="src\imgui\imgui_widgets.cpp">
      <Filter>Source Files</Filter>
    </ClCompile>
    <ClCompile Include="src\maps\CountingSheep.cpp">
      <Filter>Source Files</Filter>
    </ClCompile>
    <ClCompile Include="src\commands\AddSubtractCountCommand.cpp">
      <Filter>Source Files</Filter>
    </ClCompile>
    <ClCompile Include="src\game_objects\board_space\BoardSpace.cpp">
      <Filter>Source Files</Filter>
    </ClCompile>
    <ClCompile Include="src\ImGuizmo.cpp">
      <Filter>Source Files</Filter>
    </ClCompile>
    <ClCompile Include="src\maps\Chamber.cpp">
      <Filter>Source Files</Filter>
    </ClCompile>
  </ItemGroup>
  <ItemGroup>
    <ClInclude Include="src\maps\BoardMap.h">
      <Filter>Header Files</Filter>
    </ClInclude>
    <ClInclude Include="src\game_objects\CharacterController.h">
      <Filter>Header Files</Filter>
    </ClInclude>
    <ClInclude Include="src\Game.h">
      <Filter>Header Files</Filter>
    </ClInclude>
    <ClInclude Include="src\game_objects\Player.h">
      <Filter>Header Files</Filter>
    </ClInclude>
    <ClInclude Include="src\maps\PongMap.h">
      <Filter>Header Files</Filter>
    </ClInclude>
    <ClInclude Include="src\commands\MoveDownCommand.h">
      <Filter>Header Files</Filter>
    </ClInclude>
    <ClInclude Include="src\commands\MoveUpCommand.h">
      <Filter>Header Files</Filter>
    </ClInclude>
    <ClInclude Include="src\commands\SelectCardCommand.h">
      <Filter>Header Files</Filter>
    </ClInclude>
    <ClInclude Include="src\commands\SelectCardLeftCommand.h">
      <Filter>Header Files</Filter>
    </ClInclude>
    <ClInclude Include="src\commands\SelectCardRightCommand.h">
      <Filter>Header Files</Filter>
    </ClInclude>
    <ClInclude Include="src\commands\MoveCameraCommand.h">
      <Filter>Header Files</Filter>
    </ClInclude>
    <ClInclude Include="src\commands\MoveEntityCommand.h">
      <Filter>Header Files</Filter>
    </ClInclude>
    <ClInclude Include="src\commands\OpenMenuCommand.h">
      <Filter>Header Files</Filter>
    </ClInclude>
    <ClInclude Include="src\commands\SaveCommand.h">
      <Filter>Header Files</Filter>
    </ClInclude>
    <ClInclude Include="src\commands\AddRemoveEntityCommand.h">
      <Filter>Header Files</Filter>
    </ClInclude>
    <ClInclude Include="src\commands\SelectEntityCommand.h">
      <Filter>Header Files</Filter>
    </ClInclude>
    <ClInclude Include="src\commands\ToggleMenuCommand.h">
      <Filter>Header Files</Filter>
    </ClInclude>
    <ClInclude Include="src\commands\CloseWindowCommand.h">
      <Filter>Header Files</Filter>
    </ClInclude>
    <ClInclude Include="src\imgui\imconfig.h">
      <Filter>Header Files</Filter>
    </ClInclude>
    <ClInclude Include="src\imgui\imgui.h">
      <Filter>Header Files</Filter>
    </ClInclude>
    <ClInclude Include="src\imgui\imgui_impl_glfw.h">
      <Filter>Header Files</Filter>
    </ClInclude>
    <ClInclude Include="src\imgui\imgui_impl_opengl3.h">
      <Filter>Header Files</Filter>
    </ClInclude>
    <ClInclude Include="src\imgui\imgui_impl_opengl3_loader.h">
      <Filter>Header Files</Filter>
    </ClInclude>
    <ClInclude Include="src\imgui\imgui_internal.h">
      <Filter>Header Files</Filter>
    </ClInclude>
    <ClInclude Include="src\imgui\imstb_rectpack.h">
      <Filter>Header Files</Filter>
    </ClInclude>
    <ClInclude Include="src\imgui\imstb_textedit.h">
      <Filter>Header Files</Filter>
    </ClInclude>
    <ClInclude Include="src\imgui\imstb_truetype.h">
      <Filter>Header Files</Filter>
    </ClInclude>
    <ClInclude Include="src\maps\CountingSheep.h">
      <Filter>Header Files</Filter>
    </ClInclude>
    <ClInclude Include="src\commands\AddSubtractCountCommand.h">
      <Filter>Header Files</Filter>
    </ClInclude>
    <ClInclude Include="src\game_objects\board_space\BoardSpace.h">
      <Filter>Header Files</Filter>
    </ClInclude>
    <ClInclude Include="src\ImGuizmo.h">
      <Filter>Header Files</Filter>
    </ClInclude>
    <ClInclude Include="src\maps\Chamber.h">
      <Filter>Header Files</Filter>
    </ClInclude>
  </ItemGroup>
  <ItemGroup>
    <Font Include="res\font\Antonio-Bold.ttf" />
  </ItemGroup>
  <ItemGroup>
    <None Include="res\maps\map.json" />
    <None Include="res\maps\test_map_1.esf" />
    <None Include="res\maps\mini_game_1.esf" />
  </ItemGroup>
</Project>